PODS:
  - Bolts (1.8.4):
    - Bolts/AppLinks (= 1.8.4)
    - Bolts/Tasks (= 1.8.4)
  - Bolts/AppLinks (1.8.4):
    - Bolts/Tasks
  - Bolts/Tasks (1.8.4)
  - NativescriptPlayground (0.1.0):
    - Bolts
    - TesseractOCRiOS
  - TesseractOCRiOS (4.0.0)

DEPENDENCIES:
  - NativescriptPlayground (from `../`)

EXTERNAL SOURCES:
  NativescriptPlayground:
    :path: ../

SPEC CHECKSUMS:
  Bolts: 8a7995239dbe724f9cba2248b766d48b7ebdd322
  NativescriptPlayground: c582c4a9bcb611b01b080fb84ac194c074bf0600
  TesseractOCRiOS: 90638afbe43d082433f2e76b384c7901d23956df

PODFILE CHECKSUM: a37b805dc9e4843e129b378e8888e22661d26b61

COCOAPODS: 1.1.0.rc.2
