PODS:
  - Bolts (1.8.4):
    - Bolts/AppLinks (= 1.8.4)
    - Bolts/Tasks (= 1.8.4)
  - Bolts/AppLinks (1.8.4):
    - Bolts/Tasks
  - Bolts/Tasks (1.8.4)
  - FMDB/standalone (2.6.2):
    - FMDB/standalone/default (= 2.6.2)
    - FMDB/standalone/FTS (= 2.6.2)
  - FMDB/standalone/default (2.6.2):
    - sqlite3
  - FMDB/standalone/FTS (2.6.2):
    - sqlite3/fts
  - NativescriptPlayground (0.1.0):
    - Bolts
    - FMDB/standalone
    - SwiftyJSON
  - sqlite3 (3.15.0):
    - sqlite3/common (= 3.15.0)
  - sqlite3/common (3.15.0)
  - sqlite3/fts (3.15.0):
    - sqlite3/common
  - SwiftyJSON (3.1.1)

DEPENDENCIES:
  - NativescriptPlayground (from `../`)

EXTERNAL SOURCES:
  NativescriptPlayground:
    :path: ../

SPEC CHECKSUMS:
  Bolts: 8a7995239dbe724f9cba2248b766d48b7ebdd322
  FMDB: 854a0341b4726e53276f2a8996f06f1b80f9259a
  NativescriptPlayground: e10db689326ce7dfa04e4eca4400d761f06b3f12
  sqlite3: 4ba9cf1ded09a1442e17c92c82638787076d877d
  SwiftyJSON: f0be2e604f83e8405a624e9f891898bf6ed4e019

PODFILE CHECKSUM: a37b805dc9e4843e129b378e8888e22661d26b61

COCOAPODS: 1.1.0.rc.2
